// !$*UTF8*$!
{
	archiveVersion = 1;
	classes = {
	};
	objectVersion = 50;
	objects = {

/* Begin PBXBuildFile section */
		260144AA2479F3A900C3A105 /* ARCalendar.swift in Sources */ = {isa = PBXBuildFile; fileRef = 260144A92479F3A900C3A105 /* ARCalendar.swift */; };
		260144AC2479F45300C3A105 /* writememo.swift in Sources */ = {isa = PBXBuildFile; fileRef = 260144AB2479F45300C3A105 /* writememo.swift */; };
		26713590247070BA003E6E54 /* AppDelegate.swift in Sources */ = {isa = PBXBuildFile; fileRef = 2671358F247070BA003E6E54 /* AppDelegate.swift */; };
		26713592247070BA003E6E54 /* art.scnassets in Resources */ = {isa = PBXBuildFile; fileRef = 26713591247070BA003E6E54 /* art.scnassets */; };
		26713594247070BA003E6E54 /* ViewController.swift in Sources */ = {isa = PBXBuildFile; fileRef = 26713593247070BA003E6E54 /* ViewController.swift */; };
		26713597247070BA003E6E54 /* Main.storyboard in Resources */ = {isa = PBXBuildFile; fileRef = 26713595247070BA003E6E54 /* Main.storyboard */; };
		26713599247070BC003E6E54 /* Assets.xcassets in Resources */ = {isa = PBXBuildFile; fileRef = 26713598247070BC003E6E54 /* Assets.xcassets */; };
		2671359C247070BC003E6E54 /* LaunchScreen.storyboard in Resources */ = {isa = PBXBuildFile; fileRef = 2671359A247070BC003E6E54 /* LaunchScreen.storyboard */; };
		26A2B63624897C4100D11B04 /* MultipeerSession1.swift in Sources */ = {isa = PBXBuildFile; fileRef = 26A2B63524897C4100D11B04 /* MultipeerSession1.swift */; };
		26A8296B24745A6D0094139B /* syokaki.ttf in Resources */ = {isa = PBXBuildFile; fileRef = 26A8296A24745A6C0094139B /* syokaki.ttf */; };
/* End PBXBuildFile section */

/* Begin PBXFileReference section */
		260144A92479F3A900C3A105 /* ARCalendar.swift */ = {isa = PBXFileReference; fileEncoding = 4; lastKnownFileType = sourcecode.swift; path = ARCalendar.swift; sourceTree = "<group>"; };
		260144AB2479F45300C3A105 /* writememo.swift */ = {isa = PBXFileReference; fileEncoding = 4; lastKnownFileType = sourcecode.swift; path = writememo.swift; sourceTree = "<group>"; };
		2671358C247070BA003E6E54 /* ARCalendar.app */ = {isa = PBXFileReference; explicitFileType = wrapper.application; includeInIndex = 0; path = ARCalendar.app; sourceTree = BUILT_PRODUCTS_DIR; };
		2671358F247070BA003E6E54 /* AppDelegate.swift */ = {isa = PBXFileReference; lastKnownFileType = sourcecode.swift; path = AppDelegate.swift; sourceTree = "<group>"; };
		26713591247070BA003E6E54 /* art.scnassets */ = {isa = PBXFileReference; lastKnownFileType = wrapper.scnassets; path = art.scnassets; sourceTree = "<group>"; };
		26713593247070BA003E6E54 /* ViewController.swift */ = {isa = PBXFileReference; lastKnownFileType = sourcecode.swift; path = ViewController.swift; sourceTree = "<group>"; };
		26713596247070BA003E6E54 /* Base */ = {isa = PBXFileReference; lastKnownFileType = file.storyboard; name = Base; path = Base.lproj/Main.storyboard; sourceTree = "<group>"; };
		26713598247070BC003E6E54 /* Assets.xcassets */ = {isa = PBXFileReference; lastKnownFileType = folder.assetcatalog; path = Assets.xcassets; sourceTree = "<group>"; };
		2671359B247070BC003E6E54 /* Base */ = {isa = PBXFileReference; lastKnownFileType = file.storyboard; name = Base; path = Base.lproj/LaunchScreen.storyboard; sourceTree = "<group>"; };
		2671359D247070BC003E6E54 /* Info.plist */ = {isa = PBXFileReference; lastKnownFileType = text.plist.xml; path = Info.plist; sourceTree = "<group>"; };
		26A2B63524897C4100D11B04 /* MultipeerSession1.swift */ = {isa = PBXFileReference; lastKnownFileType = sourcecode.swift; path = MultipeerSession1.swift; sourceTree = "<group>"; };
		26A8296A24745A6C0094139B /* syokaki.ttf */ = {isa = PBXFileReference; lastKnownFileType = file; path = syokaki.ttf; sourceTree = "<group>"; };
/* End PBXFileReference section */

/* Begin PBXFrameworksBuildPhase section */
		26713589247070BA003E6E54 /* Frameworks */ = {
			isa = PBXFrameworksBuildPhase;
			buildActionMask = 2147483647;
			files = (
			);
			runOnlyForDeploymentPostprocessing = 0;
		};
/* End PBXFrameworksBuildPhase section */

/* Begin PBXGroup section */
		26713583247070BA003E6E54 = {
			isa = PBXGroup;
			children = (
				2671358E247070BA003E6E54 /* ARCalendar */,
				2671358D247070BA003E6E54 /* Products */,
			);
			sourceTree = "<group>";
		};
		2671358D247070BA003E6E54 /* Products */ = {
			isa = PBXGroup;
			children = (
				2671358C247070BA003E6E54 /* ARCalendar.app */,
			);
			name = Products;
			sourceTree = "<group>";
		};
		2671358E247070BA003E6E54 /* ARCalendar */ = {
			isa = PBXGroup;
			children = (
				2671358F247070BA003E6E54 /* AppDelegate.swift */,
				26713591247070BA003E6E54 /* art.scnassets */,
				26713593247070BA003E6E54 /* ViewController.swift */,
				26A2B63524897C4100D11B04 /* MultipeerSession1.swift */,
				260144A92479F3A900C3A105 /* ARCalendar.swift */,
				260144AB2479F45300C3A105 /* writememo.swift */,
				26A8296A24745A6C0094139B /* syokaki.ttf */,
				26713595247070BA003E6E54 /* Main.storyboard */,
				26713598247070BC003E6E54 /* Assets.xcassets */,
				2671359A247070BC003E6E54 /* LaunchScreen.storyboard */,
				2671359D247070BC003E6E54 /* Info.plist */,
			);
			path = ARCalendar;
			sourceTree = "<group>";
		};
/* End PBXGroup section */

/* Begin PBXNativeTarget section */
		2671358B247070BA003E6E54 /* ARCalendar */ = {
			isa = PBXNativeTarget;
			buildConfigurationList = 267135A0247070BC003E6E54 /* Build configuration list for PBXNativeTarget "ARCalendar" */;
			buildPhases = (
				26713588247070BA003E6E54 /* Sources */,
				26713589247070BA003E6E54 /* Frameworks */,
				2671358A247070BA003E6E54 /* Resources */,
			);
			buildRules = (
			);
			dependencies = (
			);
			name = ARCalendar;
			productName = ARCalendar;
			productReference = 2671358C247070BA003E6E54 /* ARCalendar.app */;
			productType = "com.apple.product-type.application";
		};
/* End PBXNativeTarget section */

/* Begin PBXProject section */
		26713584247070BA003E6E54 /* Project object */ = {
			isa = PBXProject;
			attributes = {
				LastSwiftUpdateCheck = 1140;
				LastUpgradeCheck = 1140;
				ORGANIZATIONNAME = "安江洸希";
				TargetAttributes = {
					2671358B247070BA003E6E54 = {
						CreatedOnToolsVersion = 11.4.1;
					};
				};
			};
			buildConfigurationList = 26713587247070BA003E6E54 /* Build configuration list for PBXProject "ARCalendar" */;
			compatibilityVersion = "Xcode 9.3";
			developmentRegion = en;
			hasScannedForEncodings = 0;
			knownRegions = (
				en,
				Base,
			);
			mainGroup = 26713583247070BA003E6E54;
			productRefGroup = 2671358D247070BA003E6E54 /* Products */;
			projectDirPath = "";
			projectRoot = "";
			targets = (
				2671358B247070BA003E6E54 /* ARCalendar */,
			);
		};
/* End PBXProject section */

/* Begin PBXResourcesBuildPhase section */
		2671358A247070BA003E6E54 /* Resources */ = {
			isa = PBXResourcesBuildPhase;
			buildActionMask = 2147483647;
			files = (
				26713592247070BA003E6E54 /* art.scnassets in Resources */,
				2671359C247070BC003E6E54 /* LaunchScreen.storyboard in Resources */,
				26A8296B24745A6D0094139B /* syokaki.ttf in Resources */,
				26713599247070BC003E6E54 /* Assets.xcassets in Resources */,
				26713597247070BA003E6E54 /* Main.storyboard in Resources */,
			);
			runOnlyForDeploymentPostprocessing = 0;
		};
/* End PBXResourcesBuildPhase section */

/* Begin PBXSourcesBuildPhase section */
		26713588247070BA003E6E54 /* Sources */ = {
			isa = PBXSourcesBuildPhase;
			buildActionMask = 2147483647;
			files = (
				26713594247070BA003E6E54 /* ViewController.swift in Sources */,
				26713590247070BA003E6E54 /* AppDelegate.swift in Sources */,
				260144AA2479F3A900C3A105 /* ARCalendar.swift in Sources */,
				26A2B63624897C4100D11B04 /* MultipeerSession1.swift in Sources */,
				260144AC2479F45300C3A105 /* writememo.swift in Sources */,
			);
			runOnlyForDeploymentPostprocessing = 0;
		};
/* End PBXSourcesBuildPhase section */

/* Begin PBXVariantGroup section */
		26713595247070BA003E6E54 /* Main.storyboard */ = {
			isa = PBXVariantGroup;
			children = (
				26713596247070BA003E6E54 /* Base */,
			);
			name = Main.storyboard;
			sourceTree = "<group>";
		};
		2671359A247070BC003E6E54 /* LaunchScreen.storyboard */ = {
			isa = PBXVariantGroup;
			children = (
				2671359B247070BC003E6E54 /* Base */,
			);
			name = LaunchScreen.storyboard;
			sourceTree = "<group>";
		};
/* End PBXVariantGroup section */

/* Begin XCBuildConfiguration section */
		2671359E247070BC003E6E54 /* Debug */ = {
			isa = XCBuildConfiguration;
			buildSettings = {
				ALWAYS_SEARCH_USER_PATHS = NO;
				CLANG_ANALYZER_NONNULL = YES;
				CLANG_ANALYZER_NUMBER_OBJECT_CONVERSION = YES_AGGRESSIVE;
				CLANG_CXX_LANGUAGE_STANDARD = "gnu++14";
				CLANG_CXX_LIBRARY = "libc++";
				CLANG_ENABLE_MODULES = YES;
				CLANG_ENABLE_OBJC_ARC = YES;
				CLANG_ENABLE_OBJC_WEAK = YES;
				CLANG_WARN_BLOCK_CAPTURE_AUTORELEASING = YES;
				CLANG_WARN_BOOL_CONVERSION = YES;
				CLANG_WARN_COMMA = YES;
				CLANG_WARN_CONSTANT_CONVERSION = YES;
				CLANG_WARN_DEPRECATED_OBJC_IMPLEMENTATIONS = YES;
				CLANG_WARN_DIRECT_OBJC_ISA_USAGE = YES_ERROR;
				CLANG_WARN_DOCUMENTATION_COMMENTS = YES;
				CLANG_WARN_EMPTY_BODY = YES;
				CLANG_WARN_ENUM_CONVERSION = YES;
				CLANG_WARN_INFINITE_RECURSION = YES;
				CLANG_WARN_INT_CONVERSION = YES;
				CLANG_WARN_NON_LITERAL_NULL_CONVERSION = YES;
				CLANG_WARN_OBJC_IMPLICIT_RETAIN_SELF = YES;
				CLANG_WARN_OBJC_LITERAL_CONVERSION = YES;
				CLANG_WARN_OBJC_ROOT_CLASS = YES_ERROR;
				CLANG_WARN_RANGE_LOOP_ANALYSIS = YES;
				CLANG_WARN_STRICT_PROTOTYPES = YES;
				CLANG_WARN_SUSPICIOUS_MOVE = YES;
				CLANG_WARN_UNGUARDED_AVAILABILITY = YES_AGGRESSIVE;
				CLANG_WARN_UNREACHABLE_CODE = YES;
				CLANG_WARN__DUPLICATE_METHOD_MATCH = YES;
				COPY_PHASE_STRIP = NO;
				DEBUG_INFORMATION_FORMAT = dwarf;
				ENABLE_STRICT_OBJC_MSGSEND = YES;
				ENABLE_TESTABILITY = YES;
				GCC_C_LANGUAGE_STANDARD = gnu11;
				GCC_DYNAMIC_NO_PIC = NO;
				GCC_NO_COMMON_BLOCKS = YES;
				GCC_OPTIMIZATION_LEVEL = 0;
				GCC_PREPROCESSOR_DEFINITIONS = (
					"DEBUG=1",
					"$(inherited)",
				);
				GCC_WARN_64_TO_32_BIT_CONVERSION = YES;
				GCC_WARN_ABOUT_RETURN_TYPE = YES_ERROR;
				GCC_WARN_UNDECLARED_SELECTOR = YES;
				GCC_WARN_UNINITIALIZED_AUTOS = YES_AGGRESSIVE;
				GCC_WARN_UNUSED_FUNCTION = YES;
				GCC_WARN_UNUSED_VARIABLE = YES;
				IPHONEOS_DEPLOYMENT_TARGET = 13.4;
				MTL_ENABLE_DEBUG_INFO = INCLUDE_SOURCE;
				MTL_FAST_MATH = YES;
				ONLY_ACTIVE_ARCH = YES;
				SDKROOT = iphoneos;
				SWIFT_ACTIVE_COMPILATION_CONDITIONS = DEBUG;
				SWIFT_OPTIMIZATION_LEVEL = "-Onone";
			};
			name = Debug;
		};
		2671359F247070BC003E6E54 /* Release */ = {
			isa = XCBuildConfiguration;
			buildSettings = {
				ALWAYS_SEARCH_USER_PATHS = NO;
				CLANG_ANALYZER_NONNULL = YES;
				CLANG_ANALYZER_NUMBER_OBJECT_CONVERSION = YES_AGGRESSIVE;
				CLANG_CXX_LANGUAGE_STANDARD = "gnu++14";
				CLANG_CXX_LIBRARY = "libc++";
				CLANG_ENABLE_MODULES = YES;
				CLANG_ENABLE_OBJC_ARC = YES;
				CLANG_ENABLE_OBJC_WEAK = YES;
				CLANG_WARN_BLOCK_CAPTURE_AUTORELEASING = YES;
				CLANG_WARN_BOOL_CONVERSION = YES;
				CLANG_WARN_COMMA = YES;
				CLANG_WARN_CONSTANT_CONVERSION = YES;
				CLANG_WARN_DEPRECATED_OBJC_IMPLEMENTATIONS = YES;
				CLANG_WARN_DIRECT_OBJC_ISA_USAGE = YES_ERROR;
				CLANG_WARN_DOCUMENTATION_COMMENTS = YES;
				CLANG_WARN_EMPTY_BODY = YES;
				CLANG_WARN_ENUM_CONVERSION = YES;
				CLANG_WARN_INFINITE_RECURSION = YES;
				CLANG_WARN_INT_CONVERSION = YES;
				CLANG_WARN_NON_LITERAL_NULL_CONVERSION = YES;
				CLANG_WARN_OBJC_IMPLICIT_RETAIN_SELF = YES;
				CLANG_WARN_OBJC_LITERAL_CONVERSION = YES;
				CLANG_WARN_OBJC_ROOT_CLASS = YES_ERROR;
				CLANG_WARN_RANGE_LOOP_ANALYSIS = YES;
				CLANG_WARN_STRICT_PROTOTYPES = YES;
				CLANG_WARN_SUSPICIOUS_MOVE = YES;
				CLANG_WARN_UNGUARDED_AVAILABILITY = YES_AGGRESSIVE;
				CLANG_WARN_UNREACHABLE_CODE = YES;
				CLANG_WARN__DUPLICATE_METHOD_MATCH = YES;
				COPY_PHASE_STRIP = NO;
				DEBUG_INFORMATION_FORMAT = "dwarf-with-dsym";
				ENABLE_NS_ASSERTIONS = NO;
				ENABLE_STRICT_OBJC_MSGSEND = YES;
				GCC_C_LANGUAGE_STANDARD = gnu11;
				GCC_NO_COMMON_BLOCKS = YES;
				GCC_WARN_64_TO_32_BIT_CONVERSION = YES;
				GCC_WARN_ABOUT_RETURN_TYPE = YES_ERROR;
				GCC_WARN_UNDECLARED_SELECTOR = YES;
				GCC_WARN_UNINITIALIZED_AUTOS = YES_AGGRESSIVE;
				GCC_WARN_UNUSED_FUNCTION = YES;
				GCC_WARN_UNUSED_VARIABLE = YES;
				IPHONEOS_DEPLOYMENT_TARGET = 13.4;
				MTL_ENABLE_DEBUG_INFO = NO;
				MTL_FAST_MATH = YES;
				SDKROOT = iphoneos;
				SWIFT_COMPILATION_MODE = wholemodule;
				SWIFT_OPTIMIZATION_LEVEL = "-O";
				VALIDATE_PRODUCT = YES;
			};
			name = Release;
		};
		267135A1247070BC003E6E54 /* Debug */ = {
			isa = XCBuildConfiguration;
			buildSettings = {
				ASSETCATALOG_COMPILER_APPICON_NAME = AppIcon;
				CODE_SIGN_STYLE = Automatic;
				DEVELOPMENT_TEAM = 424LNK92VG;
				INFOPLIST_FILE = ARCalendar/Info.plist;
				IPHONEOS_DEPLOYMENT_TARGET = 13.3;
				LD_RUNPATH_SEARCH_PATHS = (
					"$(inherited)",
					"@executable_path/Frameworks",
				);
				PRODUCT_BUNDLE_IDENTIFIER = org.toralab.ankou.ARCalendar;
				PRODUCT_NAME = "$(TARGET_NAME)";
				SWIFT_VERSION = 5.0;
				TARGETED_DEVICE_FAMILY = "1,2";
			};
			name = Debug;
		};
		267135A2247070BC003E6E54 /* Release */ = {
			isa = XCBuildConfiguration;
			buildSettings = {
				ASSETCATALOG_COMPILER_APPICON_NAME = AppIcon;
				CODE_SIGN_STYLE = Automatic;
				DEVELOPMENT_TEAM = 424LNK92VG;
				INFOPLIST_FILE = ARCalendar/Info.plist;
				IPHONEOS_DEPLOYMENT_TARGET = 13.3;
				LD_RUNPATH_SEARCH_PATHS = (
					"$(inherited)",
					"@executable_path/Frameworks",
				);
				PRODUCT_BUNDLE_IDENTIFIER = org.toralab.ankou.ARCalendar;
				PRODUCT_NAME = "$(TARGET_NAME)";
				SWIFT_VERSION = 5.0;
				TARGETED_DEVICE_FAMILY = "1,2";
			};
			name = Release;
		};
/* End XCBuildConfiguration section */

/* Begin XCConfigurationList section */
		26713587247070BA003E6E54 /* Build configuration list for PBXProject "ARCalendar" */ = {
			isa = XCConfigurationList;
			buildConfigurations = (
				2671359E247070BC003E6E54 /* Debug */,
				2671359F247070BC003E6E54 /* Release */,
			);
			defaultConfigurationIsVisible = 0;
			defaultConfigurationName = Release;
		};
		267135A0247070BC003E6E54 /* Build configuration list for PBXNativeTarget "ARCalendar" */ = {
			isa = XCConfigurationList;
			buildConfigurations = (
				267135A1247070BC003E6E54 /* Debug */,
				267135A2247070BC003E6E54 /* Release */,
			);
			defaultConfigurationIsVisible = 0;
			defaultConfigurationName = Release;
		};
/* End XCConfigurationList section */
	};
	rootObject = 26713584247070BA003E6E54 /* Project object */;
}
